// !$*UTF8*$!
{
	archiveVersion = 1;
	classes = {
	};
	objectVersion = 46;
	objects = {

/* Begin PBXBuildFile section */
		2FD21C22D79D648E02D5CBAD /* libPods-FanBase.a in Frameworks */ = {isa = PBXBuildFile; fileRef = 9803CE9DA9A6C76E644CF4B6 /* libPods-FanBase.a */; };
		321DBED31CB6B571009B9E13 /* Secrets.m in Sources */ = {isa = PBXBuildFile; fileRef = 321DBED21CB6B571009B9E13 /* Secrets.m */; };
		325FECA81CB6DC37009F5F27 /* FNBArtistTop10Cell.m in Sources */ = {isa = PBXBuildFile; fileRef = 325FEC9F1CB6DC37009F5F27 /* FNBArtistTop10Cell.m */; };
		325FECA91CB6DC37009F5F27 /* FNBArtistTop10TableViewController.m in Sources */ = {isa = PBXBuildFile; fileRef = 325FECA11CB6DC37009F5F27 /* FNBArtistTop10TableViewController.m */; };
		325FECAA1CB6DC37009F5F27 /* FNBSpotifyAPIclient.m in Sources */ = {isa = PBXBuildFile; fileRef = 325FECA31CB6DC37009F5F27 /* FNBSpotifyAPIclient.m */; };
		325FECAB1CB6DC37009F5F27 /* FNBSpotifyTopTracks.m in Sources */ = {isa = PBXBuildFile; fileRef = 325FECA51CB6DC37009F5F27 /* FNBSpotifyTopTracks.m */; };
		325FECAC1CB6DC37009F5F27 /* FNBTopTrackDetailViewController.m in Sources */ = {isa = PBXBuildFile; fileRef = 325FECA71CB6DC37009F5F27 /* FNBTopTrackDetailViewController.m */; };
		325FECAE1CB6DC64009F5F27 /* FNBArtistTop10.storyboard in Resources */ = {isa = PBXBuildFile; fileRef = 325FECAD1CB6DC64009F5F27 /* FNBArtistTop10.storyboard */; };
		A14E4E441CB408F90034FBFB /* UserPage.storyboard in Resources */ = {isa = PBXBuildFile; fileRef = A14E4E431CB408F90034FBFB /* UserPage.storyboard */; };
		A14E4E471CB4110B0034FBFB /* FNBUserProfilePageTableViewController.m in Sources */ = {isa = PBXBuildFile; fileRef = A14E4E461CB4110B0034FBFB /* FNBUserProfilePageTableViewController.m */; };
		A14E4E4A1CB584320034FBFB /* FNBAllSubscribedArtistsTableViewController.m in Sources */ = {isa = PBXBuildFile; fileRef = A14E4E491CB584320034FBFB /* FNBAllSubscribedArtistsTableViewController.m */; };
		A14E4E4C1CB6B65B0034FBFB /* Default-568h@2x.png in Resources */ = {isa = PBXBuildFile; fileRef = A14E4E4B1CB6B65B0034FBFB /* Default-568h@2x.png */; };
		A14E4E601CB7F3B90034FBFB /* artistMainPage.storyboard in Resources */ = {isa = PBXBuildFile; fileRef = A14E4E5D1CB7F3B90034FBFB /* artistMainPage.storyboard */; };
		A14E4E611CB7F3B90034FBFB /* FNBArtistMainPageTableViewController.m in Sources */ = {isa = PBXBuildFile; fileRef = A14E4E5F1CB7F3B90034FBFB /* FNBArtistMainPageTableViewController.m */; };
		A14E4E641CB7FD960034FBFB /* FNBViewAllArtistsTableViewCell.m in Sources */ = {isa = PBXBuildFile; fileRef = A14E4E631CB7FD960034FBFB /* FNBViewAllArtistsTableViewCell.m */; };
		A14F2D801CADC6110093D187 /* FNBSpotifySearch.m in Sources */ = {isa = PBXBuildFile; fileRef = A14F2D7F1CADC6110093D187 /* FNBSpotifySearch.m */; };
		A1E7A92F1CAC282F00A9B968 /* FNBFirebaseClient.m in Sources */ = {isa = PBXBuildFile; fileRef = A1E7A92E1CAC282F00A9B968 /* FNBFirebaseClient.m */; };
		A1E7A9321CAC284700A9B968 /* FNBUser.m in Sources */ = {isa = PBXBuildFile; fileRef = A1E7A9311CAC284700A9B968 /* FNBUser.m */; };
		A1E7A93B1CAC28A900A9B968 /* FNBLoginViewController.m in Sources */ = {isa = PBXBuildFile; fileRef = A1E7A9361CAC28A900A9B968 /* FNBLoginViewController.m */; };
		A1E7A93C1CAC28A900A9B968 /* FNBUserDetailsViewController.m in Sources */ = {isa = PBXBuildFile; fileRef = A1E7A9381CAC28A900A9B968 /* FNBUserDetailsViewController.m */; };
		A1E7A93D1CAC28A900A9B968 /* FNBCreateNewAccountViewController.m in Sources */ = {isa = PBXBuildFile; fileRef = A1E7A93A1CAC28A900A9B968 /* FNBCreateNewAccountViewController.m */; };
		A1E7A9401CAC28D500A9B968 /* Firebase.storyboard in Resources */ = {isa = PBXBuildFile; fileRef = A1E7A93F1CAC28D500A9B968 /* Firebase.storyboard */; };
		A1E7A9431CAC49FE00A9B968 /* FNBArtist.m in Sources */ = {isa = PBXBuildFile; fileRef = A1E7A9421CAC49FE00A9B968 /* FNBArtist.m */; };
		BD0A5A821CAAFCF300FFF623 /* main.m in Sources */ = {isa = PBXBuildFile; fileRef = BD0A5A811CAAFCF300FFF623 /* main.m */; };
		BD0A5A851CAAFCF300FFF623 /* AppDelegate.m in Sources */ = {isa = PBXBuildFile; fileRef = BD0A5A841CAAFCF300FFF623 /* AppDelegate.m */; };
		BD0A5A881CAAFCF300FFF623 /* ViewController.m in Sources */ = {isa = PBXBuildFile; fileRef = BD0A5A871CAAFCF300FFF623 /* ViewController.m */; };
		BD0A5A8B1CAAFCF300FFF623 /* Main.storyboard in Resources */ = {isa = PBXBuildFile; fileRef = BD0A5A891CAAFCF300FFF623 /* Main.storyboard */; };
		BD0A5A8D1CAAFCF300FFF623 /* Assets.xcassets in Resources */ = {isa = PBXBuildFile; fileRef = BD0A5A8C1CAAFCF300FFF623 /* Assets.xcassets */; };
		BD0A5A901CAAFCF300FFF623 /* LaunchScreen.storyboard in Resources */ = {isa = PBXBuildFile; fileRef = BD0A5A8E1CAAFCF300FFF623 /* LaunchScreen.storyboard */; };
		ED45DB211CB6AB2C00B83B97 /* FNBAppDelegate.m in Sources */ = {isa = PBXBuildFile; fileRef = ED45DB1B1CB6AB2C00B83B97 /* FNBAppDelegate.m */; };
		ED45DB221CB6AB2C00B83B97 /* FNBTableViewCell.m in Sources */ = {isa = PBXBuildFile; fileRef = ED45DB1D1CB6AB2C00B83B97 /* FNBTableViewCell.m */; };
		ED45DB231CB6AB2C00B83B97 /* FNBViewController.m in Sources */ = {isa = PBXBuildFile; fileRef = ED45DB1F1CB6AB2C00B83B97 /* FNBViewController.m */; };
		ED45DB241CB6AB2C00B83B97 /* Discover2.storyboard in Resources */ = {isa = PBXBuildFile; fileRef = ED45DB201CB6AB2C00B83B97 /* Discover2.storyboard */; };
		ED45DB2C1CB6C9DD00B83B97 /* FNBAPIClient.m in Sources */ = {isa = PBXBuildFile; fileRef = ED45DB2B1CB6C9DD00B83B97 /* FNBAPIClient.m */; };
		ED45DB2F1CB6DEAD00B83B97 /* FNBCollectionViewCell.m in Sources */ = {isa = PBXBuildFile; fileRef = ED45DB2E1CB6DEAD00B83B97 /* FNBCollectionViewCell.m */; };
		ED77300A1CB2DC2E001C48DB /* Secrets.m in Sources */ = {isa = PBXBuildFile; fileRef = ED7730091CB2DC2E001C48DB /* Secrets.m */; };
		BD3116B31CB5A87D00C47570 /* EventPostTableViewCell.m in Sources */ = {isa = PBXBuildFile; fileRef = BD3116A11CB5A87D00C47570 /* EventPostTableViewCell.m */; };
		BD3116B41CB5A87D00C47570 /* FNBArtistNews.storyboard in Resources */ = {isa = PBXBuildFile; fileRef = BD3116A21CB5A87D00C47570 /* FNBArtistNews.storyboard */; };
		BD3116B51CB5A87D00C47570 /* FNBArtistNewsCollectionViewController.m in Sources */ = {isa = PBXBuildFile; fileRef = BD3116A41CB5A87D00C47570 /* FNBArtistNewsCollectionViewController.m */; };
		BD3116B61CB5A87D00C47570 /* FNBArtistNewsTableViewController.m in Sources */ = {isa = PBXBuildFile; fileRef = BD3116A61CB5A87D00C47570 /* FNBArtistNewsTableViewController.m */; };
		BD3116B71CB5A87D00C47570 /* FNBBandsInTownAPIClient.m in Sources */ = {isa = PBXBuildFile; fileRef = BD3116A81CB5A87D00C47570 /* FNBBandsInTownAPIClient.m */; };
		BD3116B81CB5A87D00C47570 /* FNBChatViewController.m in Sources */ = {isa = PBXBuildFile; fileRef = BD3116AA1CB5A87D00C47570 /* FNBChatViewController.m */; };
		BD3116B91CB5A87D00C47570 /* FNBEventCollectionViewCell.m in Sources */ = {isa = PBXBuildFile; fileRef = BD3116AC1CB5A87D00C47570 /* FNBEventCollectionViewCell.m */; };
		BD3116C11CB5A88600C47570 /* FNBTwitterAPIClient.m in Sources */ = {isa = PBXBuildFile; fileRef = BD3116BE1CB5A88600C47570 /* FNBTwitterAPIClient.m */; };
		BD3116C21CB5A88600C47570 /* FNBTwitterPostTableViewCell.m in Sources */ = {isa = PBXBuildFile; fileRef = BD3116C01CB5A88600C47570 /* FNBTwitterPostTableViewCell.m */; };
		BD3116C51CB5A88D00C47570 /* NSURL+QueryString.m in Sources */ = {isa = PBXBuildFile; fileRef = BD3116C41CB5A88D00C47570 /* NSURL+QueryString.m */; };
		BDE18E3D1CB69F9E00BEDE01 /* MapKit.framework in Frameworks */ = {isa = PBXBuildFile; fileRef = BDE18E3C1CB69F9E00BEDE01 /* MapKit.framework */; };
		BDE18E411CB6A1E900BEDE01 /* FNBArtistEvent.m in Sources */ = {isa = PBXBuildFile; fileRef = BDE18E401CB6A1E900BEDE01 /* FNBArtistEvent.m */; };
		BDE18E441CB6AEA900BEDE01 /* FNBEventInfoVC.m in Sources */ = {isa = PBXBuildFile; fileRef = BDE18E431CB6AEA900BEDE01 /* FNBEventInfoVC.m */; };
		ED45D9F91CB3FEA600B83B97 /* BigViewController.m in Sources */ = {isa = PBXBuildFile; fileRef = ED45D9F81CB3FEA600B83B97 /* BigViewController.m */; };
		ED45D9FC1CB3FF1500B83B97 /* GenreCollectionView.m in Sources */ = {isa = PBXBuildFile; fileRef = ED45D9FB1CB3FF1400B83B97 /* GenreCollectionView.m */; };
		ED45D9FE1CB400BA00B83B97 /* DiscoverCollectionViewCell.xib in Resources */ = {isa = PBXBuildFile; fileRef = ED45D9FD1CB400BA00B83B97 /* DiscoverCollectionViewCell.xib */; };
		ED7730161CB2DE0A001C48DB /* APIClient.m in Sources */ = {isa = PBXBuildFile; fileRef = ED77300D1CB2DE0A001C48DB /* APIClient.m */; };
		ED7730171CB2DE0A001C48DB /* Constants.m in Sources */ = {isa = PBXBuildFile; fileRef = ED77300F1CB2DE0A001C48DB /* Constants.m */; };
		ED7730181CB2DE0A001C48DB /* CVCell.m in Sources */ = {isa = PBXBuildFile; fileRef = ED7730111CB2DE0A001C48DB /* CVCell.m */; };
		ED77301A1CB2DE0A001C48DB /* DiscoverPage.storyboard in Resources */ = {isa = PBXBuildFile; fileRef = ED7730131CB2DE0A001C48DB /* DiscoverPage.storyboard */; };
		ED77301B1CB2DE0A001C48DB /* FNBDiscoverViewController.m in Sources */ = {isa = PBXBuildFile; fileRef = ED7730151CB2DE0A001C48DB /* FNBDiscoverViewController.m */; };
/* End PBXBuildFile section */

/* Begin PBXFileReference section */
		321DBED21CB6B571009B9E13 /* Secrets.m */ = {isa = PBXFileReference; fileEncoding = 4; lastKnownFileType = sourcecode.c.objc; path = Secrets.m; sourceTree = "<group>"; };
		325FEC9E1CB6DC37009F5F27 /* FNBArtistTop10Cell.h */ = {isa = PBXFileReference; fileEncoding = 4; lastKnownFileType = sourcecode.c.h; path = FNBArtistTop10Cell.h; sourceTree = "<group>"; };
		325FEC9F1CB6DC37009F5F27 /* FNBArtistTop10Cell.m */ = {isa = PBXFileReference; fileEncoding = 4; lastKnownFileType = sourcecode.c.objc; path = FNBArtistTop10Cell.m; sourceTree = "<group>"; };
		325FECA01CB6DC37009F5F27 /* FNBArtistTop10TableViewController.h */ = {isa = PBXFileReference; fileEncoding = 4; lastKnownFileType = sourcecode.c.h; path = FNBArtistTop10TableViewController.h; sourceTree = "<group>"; };
		325FECA11CB6DC37009F5F27 /* FNBArtistTop10TableViewController.m */ = {isa = PBXFileReference; fileEncoding = 4; lastKnownFileType = sourcecode.c.objc; path = FNBArtistTop10TableViewController.m; sourceTree = "<group>"; };
		325FECA21CB6DC37009F5F27 /* FNBSpotifyAPIclient.h */ = {isa = PBXFileReference; fileEncoding = 4; lastKnownFileType = sourcecode.c.h; path = FNBSpotifyAPIclient.h; sourceTree = "<group>"; };
		325FECA31CB6DC37009F5F27 /* FNBSpotifyAPIclient.m */ = {isa = PBXFileReference; fileEncoding = 4; lastKnownFileType = sourcecode.c.objc; path = FNBSpotifyAPIclient.m; sourceTree = "<group>"; };
		325FECA41CB6DC37009F5F27 /* FNBSpotifyTopTracks.h */ = {isa = PBXFileReference; fileEncoding = 4; lastKnownFileType = sourcecode.c.h; path = FNBSpotifyTopTracks.h; sourceTree = "<group>"; };
		325FECA51CB6DC37009F5F27 /* FNBSpotifyTopTracks.m */ = {isa = PBXFileReference; fileEncoding = 4; lastKnownFileType = sourcecode.c.objc; path = FNBSpotifyTopTracks.m; sourceTree = "<group>"; };
		325FECA61CB6DC37009F5F27 /* FNBTopTrackDetailViewController.h */ = {isa = PBXFileReference; fileEncoding = 4; lastKnownFileType = sourcecode.c.h; path = FNBTopTrackDetailViewController.h; sourceTree = "<group>"; };
		325FECA71CB6DC37009F5F27 /* FNBTopTrackDetailViewController.m */ = {isa = PBXFileReference; fileEncoding = 4; lastKnownFileType = sourcecode.c.objc; path = FNBTopTrackDetailViewController.m; sourceTree = "<group>"; };
		325FECAD1CB6DC64009F5F27 /* FNBArtistTop10.storyboard */ = {isa = PBXFileReference; fileEncoding = 4; lastKnownFileType = file.storyboard; path = FNBArtistTop10.storyboard; sourceTree = "<group>"; };
		4D5840F805F31103BAC56E7B /* Pods-FanBase.debug.xcconfig */ = {isa = PBXFileReference; includeInIndex = 1; lastKnownFileType = text.xcconfig; name = "Pods-FanBase.debug.xcconfig"; path = "Pods/Target Support Files/Pods-FanBase/Pods-FanBase.debug.xcconfig"; sourceTree = "<group>"; };
		9803CE9DA9A6C76E644CF4B6 /* libPods-FanBase.a */ = {isa = PBXFileReference; explicitFileType = archive.ar; includeInIndex = 0; path = "libPods-FanBase.a"; sourceTree = BUILT_PRODUCTS_DIR; };
		A14E4E431CB408F90034FBFB /* UserPage.storyboard */ = {isa = PBXFileReference; fileEncoding = 4; lastKnownFileType = file.storyboard; path = UserPage.storyboard; sourceTree = "<group>"; };
		A14E4E451CB4110B0034FBFB /* FNBUserProfilePageTableViewController.h */ = {isa = PBXFileReference; fileEncoding = 4; lastKnownFileType = sourcecode.c.h; path = FNBUserProfilePageTableViewController.h; sourceTree = "<group>"; };
		A14E4E461CB4110B0034FBFB /* FNBUserProfilePageTableViewController.m */ = {isa = PBXFileReference; fileEncoding = 4; lastKnownFileType = sourcecode.c.objc; path = FNBUserProfilePageTableViewController.m; sourceTree = "<group>"; };
		A14E4E481CB584320034FBFB /* FNBAllSubscribedArtistsTableViewController.h */ = {isa = PBXFileReference; fileEncoding = 4; lastKnownFileType = sourcecode.c.h; path = FNBAllSubscribedArtistsTableViewController.h; sourceTree = "<group>"; };
		A14E4E491CB584320034FBFB /* FNBAllSubscribedArtistsTableViewController.m */ = {isa = PBXFileReference; fileEncoding = 4; lastKnownFileType = sourcecode.c.objc; path = FNBAllSubscribedArtistsTableViewController.m; sourceTree = "<group>"; };
		A14E4E4B1CB6B65B0034FBFB /* Default-568h@2x.png */ = {isa = PBXFileReference; lastKnownFileType = image.png; path = "Default-568h@2x.png"; sourceTree = "<group>"; };
		A14E4E5D1CB7F3B90034FBFB /* artistMainPage.storyboard */ = {isa = PBXFileReference; fileEncoding = 4; lastKnownFileType = file.storyboard; path = artistMainPage.storyboard; sourceTree = "<group>"; };
		A14E4E5E1CB7F3B90034FBFB /* FNBArtistMainPageTableViewController.h */ = {isa = PBXFileReference; fileEncoding = 4; lastKnownFileType = sourcecode.c.h; path = FNBArtistMainPageTableViewController.h; sourceTree = "<group>"; };
		A14E4E5F1CB7F3B90034FBFB /* FNBArtistMainPageTableViewController.m */ = {isa = PBXFileReference; fileEncoding = 4; lastKnownFileType = sourcecode.c.objc; path = FNBArtistMainPageTableViewController.m; sourceTree = "<group>"; };
		A14E4E621CB7FD960034FBFB /* FNBViewAllArtistsTableViewCell.h */ = {isa = PBXFileReference; fileEncoding = 4; lastKnownFileType = sourcecode.c.h; path = FNBViewAllArtistsTableViewCell.h; sourceTree = "<group>"; };
		A14E4E631CB7FD960034FBFB /* FNBViewAllArtistsTableViewCell.m */ = {isa = PBXFileReference; fileEncoding = 4; lastKnownFileType = sourcecode.c.objc; path = FNBViewAllArtistsTableViewCell.m; sourceTree = "<group>"; };
		A14F2D7E1CADC6110093D187 /* FNBSpotifySearch.h */ = {isa = PBXFileReference; fileEncoding = 4; lastKnownFileType = sourcecode.c.h; path = FNBSpotifySearch.h; sourceTree = "<group>"; };
		A14F2D7F1CADC6110093D187 /* FNBSpotifySearch.m */ = {isa = PBXFileReference; fileEncoding = 4; lastKnownFileType = sourcecode.c.objc; path = FNBSpotifySearch.m; sourceTree = "<group>"; };
		A1E7A92D1CAC282F00A9B968 /* FNBFirebaseClient.h */ = {isa = PBXFileReference; fileEncoding = 4; lastKnownFileType = sourcecode.c.h; path = FNBFirebaseClient.h; sourceTree = "<group>"; };
		A1E7A92E1CAC282F00A9B968 /* FNBFirebaseClient.m */ = {isa = PBXFileReference; fileEncoding = 4; lastKnownFileType = sourcecode.c.objc; path = FNBFirebaseClient.m; sourceTree = "<group>"; };
		A1E7A9301CAC284700A9B968 /* FNBUser.h */ = {isa = PBXFileReference; fileEncoding = 4; lastKnownFileType = sourcecode.c.h; path = FNBUser.h; sourceTree = "<group>"; };
		A1E7A9311CAC284700A9B968 /* FNBUser.m */ = {isa = PBXFileReference; fileEncoding = 4; lastKnownFileType = sourcecode.c.objc; path = FNBUser.m; sourceTree = "<group>"; };
		A1E7A9351CAC28A900A9B968 /* FNBLoginViewController.h */ = {isa = PBXFileReference; fileEncoding = 4; lastKnownFileType = sourcecode.c.h; path = FNBLoginViewController.h; sourceTree = "<group>"; };
		A1E7A9361CAC28A900A9B968 /* FNBLoginViewController.m */ = {isa = PBXFileReference; fileEncoding = 4; lastKnownFileType = sourcecode.c.objc; path = FNBLoginViewController.m; sourceTree = "<group>"; };
		A1E7A9371CAC28A900A9B968 /* FNBUserDetailsViewController.h */ = {isa = PBXFileReference; fileEncoding = 4; lastKnownFileType = sourcecode.c.h; path = FNBUserDetailsViewController.h; sourceTree = "<group>"; };
		A1E7A9381CAC28A900A9B968 /* FNBUserDetailsViewController.m */ = {isa = PBXFileReference; fileEncoding = 4; lastKnownFileType = sourcecode.c.objc; path = FNBUserDetailsViewController.m; sourceTree = "<group>"; };
		A1E7A9391CAC28A900A9B968 /* FNBCreateNewAccountViewController.h */ = {isa = PBXFileReference; fileEncoding = 4; lastKnownFileType = sourcecode.c.h; path = FNBCreateNewAccountViewController.h; sourceTree = "<group>"; };
		A1E7A93A1CAC28A900A9B968 /* FNBCreateNewAccountViewController.m */ = {isa = PBXFileReference; fileEncoding = 4; lastKnownFileType = sourcecode.c.objc; path = FNBCreateNewAccountViewController.m; sourceTree = "<group>"; };
		A1E7A93F1CAC28D500A9B968 /* Firebase.storyboard */ = {isa = PBXFileReference; fileEncoding = 4; lastKnownFileType = file.storyboard; path = Firebase.storyboard; sourceTree = "<group>"; };
		A1E7A9411CAC49FE00A9B968 /* FNBArtist.h */ = {isa = PBXFileReference; fileEncoding = 4; lastKnownFileType = sourcecode.c.h; path = FNBArtist.h; sourceTree = "<group>"; };
		A1E7A9421CAC49FE00A9B968 /* FNBArtist.m */ = {isa = PBXFileReference; fileEncoding = 4; lastKnownFileType = sourcecode.c.objc; path = FNBArtist.m; sourceTree = "<group>"; };
		BD0A5A7D1CAAFCF300FFF623 /* FanBase.app */ = {isa = PBXFileReference; explicitFileType = wrapper.application; includeInIndex = 0; path = FanBase.app; sourceTree = BUILT_PRODUCTS_DIR; };
		BD0A5A811CAAFCF300FFF623 /* main.m */ = {isa = PBXFileReference; lastKnownFileType = sourcecode.c.objc; path = main.m; sourceTree = "<group>"; };
		BD0A5A831CAAFCF300FFF623 /* AppDelegate.h */ = {isa = PBXFileReference; lastKnownFileType = sourcecode.c.h; path = AppDelegate.h; sourceTree = "<group>"; };
		BD0A5A841CAAFCF300FFF623 /* AppDelegate.m */ = {isa = PBXFileReference; lastKnownFileType = sourcecode.c.objc; path = AppDelegate.m; sourceTree = "<group>"; };
		BD0A5A861CAAFCF300FFF623 /* ViewController.h */ = {isa = PBXFileReference; lastKnownFileType = sourcecode.c.h; path = ViewController.h; sourceTree = "<group>"; };
		BD0A5A871CAAFCF300FFF623 /* ViewController.m */ = {isa = PBXFileReference; lastKnownFileType = sourcecode.c.objc; path = ViewController.m; sourceTree = "<group>"; };
		BD0A5A8A1CAAFCF300FFF623 /* Base */ = {isa = PBXFileReference; lastKnownFileType = file.storyboard; name = Base; path = Base.lproj/Main.storyboard; sourceTree = "<group>"; };
		BD0A5A8C1CAAFCF300FFF623 /* Assets.xcassets */ = {isa = PBXFileReference; lastKnownFileType = folder.assetcatalog; path = Assets.xcassets; sourceTree = "<group>"; };
		BD0A5A8F1CAAFCF300FFF623 /* Base */ = {isa = PBXFileReference; lastKnownFileType = file.storyboard; name = Base; path = Base.lproj/LaunchScreen.storyboard; sourceTree = "<group>"; };
		BD0A5A911CAAFCF300FFF623 /* Info.plist */ = {isa = PBXFileReference; lastKnownFileType = text.plist.xml; path = Info.plist; sourceTree = "<group>"; };
		BD3116A01CB5A87D00C47570 /* EventPostTableViewCell.h */ = {isa = PBXFileReference; fileEncoding = 4; lastKnownFileType = sourcecode.c.h; path = EventPostTableViewCell.h; sourceTree = "<group>"; };
		BD3116A11CB5A87D00C47570 /* EventPostTableViewCell.m */ = {isa = PBXFileReference; fileEncoding = 4; lastKnownFileType = sourcecode.c.objc; path = EventPostTableViewCell.m; sourceTree = "<group>"; };
		BD3116A21CB5A87D00C47570 /* FNBArtistNews.storyboard */ = {isa = PBXFileReference; fileEncoding = 4; lastKnownFileType = file.storyboard; path = FNBArtistNews.storyboard; sourceTree = "<group>"; };
		BD3116A31CB5A87D00C47570 /* FNBArtistNewsCollectionViewController.h */ = {isa = PBXFileReference; fileEncoding = 4; lastKnownFileType = sourcecode.c.h; path = FNBArtistNewsCollectionViewController.h; sourceTree = "<group>"; };
		BD3116A41CB5A87D00C47570 /* FNBArtistNewsCollectionViewController.m */ = {isa = PBXFileReference; fileEncoding = 4; lastKnownFileType = sourcecode.c.objc; path = FNBArtistNewsCollectionViewController.m; sourceTree = "<group>"; };
		BD3116A51CB5A87D00C47570 /* FNBArtistNewsTableViewController.h */ = {isa = PBXFileReference; fileEncoding = 4; lastKnownFileType = sourcecode.c.h; path = FNBArtistNewsTableViewController.h; sourceTree = "<group>"; };
		BD3116A61CB5A87D00C47570 /* FNBArtistNewsTableViewController.m */ = {isa = PBXFileReference; fileEncoding = 4; lastKnownFileType = sourcecode.c.objc; path = FNBArtistNewsTableViewController.m; sourceTree = "<group>"; };
		BD3116A71CB5A87D00C47570 /* FNBBandsInTownAPIClient.h */ = {isa = PBXFileReference; fileEncoding = 4; lastKnownFileType = sourcecode.c.h; path = FNBBandsInTownAPIClient.h; sourceTree = "<group>"; };
		BD3116A81CB5A87D00C47570 /* FNBBandsInTownAPIClient.m */ = {isa = PBXFileReference; fileEncoding = 4; lastKnownFileType = sourcecode.c.objc; path = FNBBandsInTownAPIClient.m; sourceTree = "<group>"; };
		BD3116A91CB5A87D00C47570 /* FNBChatViewController.h */ = {isa = PBXFileReference; fileEncoding = 4; lastKnownFileType = sourcecode.c.h; path = FNBChatViewController.h; sourceTree = "<group>"; };
		BD3116AA1CB5A87D00C47570 /* FNBChatViewController.m */ = {isa = PBXFileReference; fileEncoding = 4; lastKnownFileType = sourcecode.c.objc; path = FNBChatViewController.m; sourceTree = "<group>"; };
		BD3116AB1CB5A87D00C47570 /* FNBEventCollectionViewCell.h */ = {isa = PBXFileReference; fileEncoding = 4; lastKnownFileType = sourcecode.c.h; path = FNBEventCollectionViewCell.h; sourceTree = "<group>"; };
		BD3116AC1CB5A87D00C47570 /* FNBEventCollectionViewCell.m */ = {isa = PBXFileReference; fileEncoding = 4; lastKnownFileType = sourcecode.c.objc; path = FNBEventCollectionViewCell.m; sourceTree = "<group>"; };
		BD3116BD1CB5A88600C47570 /* FNBTwitterAPIClient.h */ = {isa = PBXFileReference; fileEncoding = 4; lastKnownFileType = sourcecode.c.h; path = FNBTwitterAPIClient.h; sourceTree = "<group>"; };
		BD3116BE1CB5A88600C47570 /* FNBTwitterAPIClient.m */ = {isa = PBXFileReference; fileEncoding = 4; lastKnownFileType = sourcecode.c.objc; path = FNBTwitterAPIClient.m; sourceTree = "<group>"; };
		BD3116BF1CB5A88600C47570 /* FNBTwitterPostTableViewCell.h */ = {isa = PBXFileReference; fileEncoding = 4; lastKnownFileType = sourcecode.c.h; path = FNBTwitterPostTableViewCell.h; sourceTree = "<group>"; };
		BD3116C01CB5A88600C47570 /* FNBTwitterPostTableViewCell.m */ = {isa = PBXFileReference; fileEncoding = 4; lastKnownFileType = sourcecode.c.objc; path = FNBTwitterPostTableViewCell.m; sourceTree = "<group>"; };
		BD3116C31CB5A88D00C47570 /* NSURL+QueryString.h */ = {isa = PBXFileReference; fileEncoding = 4; lastKnownFileType = sourcecode.c.h; path = "NSURL+QueryString.h"; sourceTree = "<group>"; };
		BD3116C41CB5A88D00C47570 /* NSURL+QueryString.m */ = {isa = PBXFileReference; fileEncoding = 4; lastKnownFileType = sourcecode.c.objc; path = "NSURL+QueryString.m"; sourceTree = "<group>"; };
		BDB73EF01CAAFEAE00F6B3EB /* Secrets.h */ = {isa = PBXFileReference; fileEncoding = 4; lastKnownFileType = sourcecode.c.h; path = Secrets.h; sourceTree = "<group>"; };
		BDE18E3C1CB69F9E00BEDE01 /* MapKit.framework */ = {isa = PBXFileReference; lastKnownFileType = wrapper.framework; name = MapKit.framework; path = System/Library/Frameworks/MapKit.framework; sourceTree = SDKROOT; };
		BDE18E3F1CB6A1E900BEDE01 /* FNBArtistEvent.h */ = {isa = PBXFileReference; fileEncoding = 4; lastKnownFileType = sourcecode.c.h; path = FNBArtistEvent.h; sourceTree = "<group>"; };
		BDE18E401CB6A1E900BEDE01 /* FNBArtistEvent.m */ = {isa = PBXFileReference; fileEncoding = 4; lastKnownFileType = sourcecode.c.objc; path = FNBArtistEvent.m; sourceTree = "<group>"; };
		BDE18E421CB6AEA900BEDE01 /* FNBEventInfoVC.h */ = {isa = PBXFileReference; fileEncoding = 4; lastKnownFileType = sourcecode.c.h; path = FNBEventInfoVC.h; sourceTree = "<group>"; };
		BDE18E431CB6AEA900BEDE01 /* FNBEventInfoVC.m */ = {isa = PBXFileReference; fileEncoding = 4; lastKnownFileType = sourcecode.c.objc; path = FNBEventInfoVC.m; sourceTree = "<group>"; };
		C5851181C3ED88D6FA8A8B4F /* Pods-FanBase.release.xcconfig */ = {isa = PBXFileReference; includeInIndex = 1; lastKnownFileType = text.xcconfig; name = "Pods-FanBase.release.xcconfig"; path = "Pods/Target Support Files/Pods-FanBase/Pods-FanBase.release.xcconfig"; sourceTree = "<group>"; };
		ED45D9FD1CB400BA00B83B97 /* DiscoverCollectionViewCell.xib */ = {isa = PBXFileReference; fileEncoding = 4; lastKnownFileType = file.xib; path = DiscoverCollectionViewCell.xib; sourceTree = "<group>"; };
<<<<<<< HEAD
		ED45DB1A1CB6AB2C00B83B97 /* FNBAppDelegate.h */ = {isa = PBXFileReference; fileEncoding = 4; lastKnownFileType = sourcecode.c.h; path = FNBAppDelegate.h; sourceTree = "<group>"; };
		ED45DB1B1CB6AB2C00B83B97 /* FNBAppDelegate.m */ = {isa = PBXFileReference; fileEncoding = 4; lastKnownFileType = sourcecode.c.objc; path = FNBAppDelegate.m; sourceTree = "<group>"; };
		ED45DB1C1CB6AB2C00B83B97 /* FNBTableViewCell.h */ = {isa = PBXFileReference; fileEncoding = 4; lastKnownFileType = sourcecode.c.h; path = FNBTableViewCell.h; sourceTree = "<group>"; };
		ED45DB1D1CB6AB2C00B83B97 /* FNBTableViewCell.m */ = {isa = PBXFileReference; fileEncoding = 4; lastKnownFileType = sourcecode.c.objc; path = FNBTableViewCell.m; sourceTree = "<group>"; };
		ED45DB1E1CB6AB2C00B83B97 /* FNBViewController.h */ = {isa = PBXFileReference; fileEncoding = 4; lastKnownFileType = sourcecode.c.h; path = FNBViewController.h; sourceTree = "<group>"; };
		ED45DB1F1CB6AB2C00B83B97 /* FNBViewController.m */ = {isa = PBXFileReference; fileEncoding = 4; lastKnownFileType = sourcecode.c.objc; path = FNBViewController.m; sourceTree = "<group>"; };
		ED45DB201CB6AB2C00B83B97 /* Discover2.storyboard */ = {isa = PBXFileReference; fileEncoding = 4; lastKnownFileType = file.storyboard; path = Discover2.storyboard; sourceTree = "<group>"; };
		ED45DB2A1CB6C9DD00B83B97 /* FNBAPIClient.h */ = {isa = PBXFileReference; fileEncoding = 4; lastKnownFileType = sourcecode.c.h; name = FNBAPIClient.h; path = ../FNBAPIClient.h; sourceTree = "<group>"; };
		ED45DB2B1CB6C9DD00B83B97 /* FNBAPIClient.m */ = {isa = PBXFileReference; fileEncoding = 4; lastKnownFileType = sourcecode.c.objc; name = FNBAPIClient.m; path = ../FNBAPIClient.m; sourceTree = "<group>"; };
		ED45DB2D1CB6DEAD00B83B97 /* FNBCollectionViewCell.h */ = {isa = PBXFileReference; fileEncoding = 4; lastKnownFileType = sourcecode.c.h; path = FNBCollectionViewCell.h; sourceTree = "<group>"; };
		ED45DB2E1CB6DEAD00B83B97 /* FNBCollectionViewCell.m */ = {isa = PBXFileReference; fileEncoding = 4; lastKnownFileType = sourcecode.c.objc; path = FNBCollectionViewCell.m; sourceTree = "<group>"; };
		ED7730091CB2DC2E001C48DB /* Secrets.m */ = {isa = PBXFileReference; fileEncoding = 4; lastKnownFileType = sourcecode.c.objc; path = Secrets.m; sourceTree = "<group>"; };
=======
>>>>>>> master
		ED77300C1CB2DE0A001C48DB /* APIClient.h */ = {isa = PBXFileReference; fileEncoding = 4; lastKnownFileType = sourcecode.c.h; path = APIClient.h; sourceTree = "<group>"; };
		ED77300D1CB2DE0A001C48DB /* APIClient.m */ = {isa = PBXFileReference; fileEncoding = 4; lastKnownFileType = sourcecode.c.objc; path = APIClient.m; sourceTree = "<group>"; };
		ED77300E1CB2DE0A001C48DB /* Constants.h */ = {isa = PBXFileReference; fileEncoding = 4; lastKnownFileType = sourcecode.c.h; name = Constants.h; path = ../Constants.h; sourceTree = "<group>"; };
		ED77300F1CB2DE0A001C48DB /* Constants.m */ = {isa = PBXFileReference; fileEncoding = 4; lastKnownFileType = sourcecode.c.objc; name = Constants.m; path = ../Constants.m; sourceTree = "<group>"; };
		ED7730101CB2DE0A001C48DB /* CVCell.h */ = {isa = PBXFileReference; fileEncoding = 4; lastKnownFileType = sourcecode.c.h; path = CVCell.h; sourceTree = "<group>"; };
		ED7730111CB2DE0A001C48DB /* CVCell.m */ = {isa = PBXFileReference; fileEncoding = 4; lastKnownFileType = sourcecode.c.objc; path = CVCell.m; sourceTree = "<group>"; };
		ED7730131CB2DE0A001C48DB /* DiscoverPage.storyboard */ = {isa = PBXFileReference; fileEncoding = 4; lastKnownFileType = file.storyboard; path = DiscoverPage.storyboard; sourceTree = "<group>"; };
		ED7730141CB2DE0A001C48DB /* FNBDiscoverViewController.h */ = {isa = PBXFileReference; fileEncoding = 4; lastKnownFileType = sourcecode.c.h; path = FNBDiscoverViewController.h; sourceTree = "<group>"; };
		ED7730151CB2DE0A001C48DB /* FNBDiscoverViewController.m */ = {isa = PBXFileReference; fileEncoding = 4; lastKnownFileType = sourcecode.c.objc; path = FNBDiscoverViewController.m; sourceTree = "<group>"; };
/* End PBXFileReference section */

/* Begin PBXFrameworksBuildPhase section */
		BD0A5A7A1CAAFCF300FFF623 /* Frameworks */ = {
			isa = PBXFrameworksBuildPhase;
			buildActionMask = 2147483647;
			files = (
				BDE18E3D1CB69F9E00BEDE01 /* MapKit.framework in Frameworks */,
				2FD21C22D79D648E02D5CBAD /* libPods-FanBase.a in Frameworks */,
			);
			runOnlyForDeploymentPostprocessing = 0;
		};
/* End PBXFrameworksBuildPhase section */

/* Begin PBXGroup section */
		325FEC9D1CB6DB96009F5F27 /* Top10 */ = {
			isa = PBXGroup;
			children = (
				325FECAD1CB6DC64009F5F27 /* FNBArtistTop10.storyboard */,
				325FEC9E1CB6DC37009F5F27 /* FNBArtistTop10Cell.h */,
				325FEC9F1CB6DC37009F5F27 /* FNBArtistTop10Cell.m */,
				325FECA01CB6DC37009F5F27 /* FNBArtistTop10TableViewController.h */,
				325FECA11CB6DC37009F5F27 /* FNBArtistTop10TableViewController.m */,
				325FECA21CB6DC37009F5F27 /* FNBSpotifyAPIclient.h */,
				325FECA31CB6DC37009F5F27 /* FNBSpotifyAPIclient.m */,
				325FECA41CB6DC37009F5F27 /* FNBSpotifyTopTracks.h */,
				325FECA51CB6DC37009F5F27 /* FNBSpotifyTopTracks.m */,
				325FECA61CB6DC37009F5F27 /* FNBTopTrackDetailViewController.h */,
				325FECA71CB6DC37009F5F27 /* FNBTopTrackDetailViewController.m */,
			);
			name = Top10;
			sourceTree = "<group>";
		};
		71DE2E40FFBA7B1B6B1EF698 /* Frameworks */ = {
			isa = PBXGroup;
			children = (
				BDE18E3C1CB69F9E00BEDE01 /* MapKit.framework */,
				9803CE9DA9A6C76E644CF4B6 /* libPods-FanBase.a */,
			);
			name = Frameworks;
			sourceTree = "<group>";
		};
		88D17E31D7CF4D38126C7F6C /* Pods */ = {
			isa = PBXGroup;
			children = (
				4D5840F805F31103BAC56E7B /* Pods-FanBase.debug.xcconfig */,
				C5851181C3ED88D6FA8A8B4F /* Pods-FanBase.release.xcconfig */,
			);
			name = Pods;
			sourceTree = "<group>";
		};
		A14E4E421CB408D90034FBFB /* UserPage */ = {
			isa = PBXGroup;
			children = (
				A14E4E621CB7FD960034FBFB /* FNBViewAllArtistsTableViewCell.h */,
				A14E4E631CB7FD960034FBFB /* FNBViewAllArtistsTableViewCell.m */,
				A14E4E431CB408F90034FBFB /* UserPage.storyboard */,
				A14E4E481CB584320034FBFB /* FNBAllSubscribedArtistsTableViewController.h */,
				A14E4E491CB584320034FBFB /* FNBAllSubscribedArtistsTableViewController.m */,
				A14E4E451CB4110B0034FBFB /* FNBUserProfilePageTableViewController.h */,
				A14E4E461CB4110B0034FBFB /* FNBUserProfilePageTableViewController.m */,
			);
			name = UserPage;
			sourceTree = "<group>";
		};
		A14E4E5C1CB7F3AC0034FBFB /* ArtistMainPage */ = {
			isa = PBXGroup;
			children = (
				A14E4E5D1CB7F3B90034FBFB /* artistMainPage.storyboard */,
				A14E4E5E1CB7F3B90034FBFB /* FNBArtistMainPageTableViewController.h */,
				A14E4E5F1CB7F3B90034FBFB /* FNBArtistMainPageTableViewController.m */,
			);
			name = ArtistMainPage;
			sourceTree = "<group>";
		};
		A14F2D7D1CADC4250093D187 /* SpotifyArtistSearchFiles */ = {
			isa = PBXGroup;
			children = (
				A14F2D7E1CADC6110093D187 /* FNBSpotifySearch.h */,
				A14F2D7F1CADC6110093D187 /* FNBSpotifySearch.m */,
			);
			name = SpotifyArtistSearchFiles;
			sourceTree = "<group>";
		};
		A1E7A92C1CAC281600A9B968 /* FirebaseFiles */ = {
			isa = PBXGroup;
			children = (
				A1E7A92D1CAC282F00A9B968 /* FNBFirebaseClient.h */,
				A1E7A92E1CAC282F00A9B968 /* FNBFirebaseClient.m */,
				A1E7A9301CAC284700A9B968 /* FNBUser.h */,
				A1E7A9311CAC284700A9B968 /* FNBUser.m */,
				A1E7A9411CAC49FE00A9B968 /* FNBArtist.h */,
				A1E7A9421CAC49FE00A9B968 /* FNBArtist.m */,
				A1E7A93F1CAC28D500A9B968 /* Firebase.storyboard */,
				A1E7A93E1CAC28B300A9B968 /* ViewControllers */,
			);
			name = FirebaseFiles;
			sourceTree = "<group>";
		};
		A1E7A93E1CAC28B300A9B968 /* ViewControllers */ = {
			isa = PBXGroup;
			children = (
				A1E7A9351CAC28A900A9B968 /* FNBLoginViewController.h */,
				A1E7A9361CAC28A900A9B968 /* FNBLoginViewController.m */,
				A1E7A9371CAC28A900A9B968 /* FNBUserDetailsViewController.h */,
				A1E7A9381CAC28A900A9B968 /* FNBUserDetailsViewController.m */,
				A1E7A9391CAC28A900A9B968 /* FNBCreateNewAccountViewController.h */,
				A1E7A93A1CAC28A900A9B968 /* FNBCreateNewAccountViewController.m */,
			);
			name = ViewControllers;
			sourceTree = "<group>";
		};
		BD0A5A741CAAFCF300FFF623 = {
			isa = PBXGroup;
			children = (
				A14E4E4B1CB6B65B0034FBFB /* Default-568h@2x.png */,
				BD0A5A7F1CAAFCF300FFF623 /* FanBase */,
				BD0A5A7E1CAAFCF300FFF623 /* Products */,
				88D17E31D7CF4D38126C7F6C /* Pods */,
				71DE2E40FFBA7B1B6B1EF698 /* Frameworks */,
			);
			sourceTree = "<group>";
		};
		BD0A5A7E1CAAFCF300FFF623 /* Products */ = {
			isa = PBXGroup;
			children = (
				BD0A5A7D1CAAFCF300FFF623 /* FanBase.app */,
			);
			name = Products;
			sourceTree = "<group>";
		};
		BD0A5A7F1CAAFCF300FFF623 /* FanBase */ = {
			isa = PBXGroup;
			children = (
<<<<<<< HEAD
				ED45DB191CB6AAF600B83B97 /* Discover Page 2 */,
=======
				A14E4E5C1CB7F3AC0034FBFB /* ArtistMainPage */,
				325FEC9D1CB6DB96009F5F27 /* Top10 */,
				BD3116C81CB5A8F100C47570 /* FanFeed */,
				BD3116C71CB5A8CB00C47570 /* ArtistNews */,
				BD3116C61CB5A8A700C47570 /* APIs */,
>>>>>>> master
				ED77300B1CB2DD63001C48DB /* Discover Page */,
				A14E4E421CB408D90034FBFB /* UserPage */,
				A14F2D7D1CADC4250093D187 /* SpotifyArtistSearchFiles */,
				A1E7A92C1CAC281600A9B968 /* FirebaseFiles */,
				BD0A5A831CAAFCF300FFF623 /* AppDelegate.h */,
				BD0A5A841CAAFCF300FFF623 /* AppDelegate.m */,
				BD0A5A861CAAFCF300FFF623 /* ViewController.h */,
				BD0A5A871CAAFCF300FFF623 /* ViewController.m */,
				BD0A5A891CAAFCF300FFF623 /* Main.storyboard */,
				BD0A5A8C1CAAFCF300FFF623 /* Assets.xcassets */,
				BD0A5A8E1CAAFCF300FFF623 /* LaunchScreen.storyboard */,
				BD0A5A911CAAFCF300FFF623 /* Info.plist */,
				BD0A5A801CAAFCF300FFF623 /* Supporting Files */,
				BDB73EF01CAAFEAE00F6B3EB /* Secrets.h */,
				321DBED21CB6B571009B9E13 /* Secrets.m */,
			);
			path = FanBase;
			sourceTree = "<group>";
		};
		BD0A5A801CAAFCF300FFF623 /* Supporting Files */ = {
			isa = PBXGroup;
			children = (
				BD0A5A811CAAFCF300FFF623 /* main.m */,
			);
			name = "Supporting Files";
			sourceTree = "<group>";
		};
<<<<<<< HEAD
		ED45DB191CB6AAF600B83B97 /* Discover Page 2 */ = {
			isa = PBXGroup;
			children = (
				ED45DB1A1CB6AB2C00B83B97 /* FNBAppDelegate.h */,
				ED45DB1B1CB6AB2C00B83B97 /* FNBAppDelegate.m */,
				ED45DB2D1CB6DEAD00B83B97 /* FNBCollectionViewCell.h */,
				ED45DB2E1CB6DEAD00B83B97 /* FNBCollectionViewCell.m */,
				ED45DB1C1CB6AB2C00B83B97 /* FNBTableViewCell.h */,
				ED45DB1D1CB6AB2C00B83B97 /* FNBTableViewCell.m */,
				ED45DB1E1CB6AB2C00B83B97 /* FNBViewController.h */,
				ED45DB1F1CB6AB2C00B83B97 /* FNBViewController.m */,
				ED45DB201CB6AB2C00B83B97 /* Discover2.storyboard */,
				ED45DB2A1CB6C9DD00B83B97 /* FNBAPIClient.h */,
				ED45DB2B1CB6C9DD00B83B97 /* FNBAPIClient.m */,
				ED77300E1CB2DE0A001C48DB /* Constants.h */,
				ED77300F1CB2DE0A001C48DB /* Constants.m */,
			);
			name = "Discover Page 2";
=======
		BD3116C61CB5A8A700C47570 /* APIs */ = {
			isa = PBXGroup;
			children = (
				BD3116C31CB5A88D00C47570 /* NSURL+QueryString.h */,
				BD3116C41CB5A88D00C47570 /* NSURL+QueryString.m */,
				BD3116BD1CB5A88600C47570 /* FNBTwitterAPIClient.h */,
				BD3116BE1CB5A88600C47570 /* FNBTwitterAPIClient.m */,
				BD3116A71CB5A87D00C47570 /* FNBBandsInTownAPIClient.h */,
				BD3116A81CB5A87D00C47570 /* FNBBandsInTownAPIClient.m */,
			);
			name = APIs;
			sourceTree = "<group>";
		};
		BD3116C71CB5A8CB00C47570 /* ArtistNews */ = {
			isa = PBXGroup;
			children = (
				BD3116BF1CB5A88600C47570 /* FNBTwitterPostTableViewCell.h */,
				BD3116C01CB5A88600C47570 /* FNBTwitterPostTableViewCell.m */,
				BD3116A21CB5A87D00C47570 /* FNBArtistNews.storyboard */,
				BD3116A31CB5A87D00C47570 /* FNBArtistNewsCollectionViewController.h */,
				BD3116A41CB5A87D00C47570 /* FNBArtistNewsCollectionViewController.m */,
				BD3116A51CB5A87D00C47570 /* FNBArtistNewsTableViewController.h */,
				BD3116A61CB5A87D00C47570 /* FNBArtistNewsTableViewController.m */,
				BD3116AC1CB5A87D00C47570 /* FNBEventCollectionViewCell.m */,
				BD3116AB1CB5A87D00C47570 /* FNBEventCollectionViewCell.h */,
				BD3116A01CB5A87D00C47570 /* EventPostTableViewCell.h */,
				BD3116A11CB5A87D00C47570 /* EventPostTableViewCell.m */,
				BDE18E3F1CB6A1E900BEDE01 /* FNBArtistEvent.h */,
				BDE18E401CB6A1E900BEDE01 /* FNBArtistEvent.m */,
				BDE18E421CB6AEA900BEDE01 /* FNBEventInfoVC.h */,
				BDE18E431CB6AEA900BEDE01 /* FNBEventInfoVC.m */,
			);
			name = ArtistNews;
			sourceTree = "<group>";
		};
		BD3116C81CB5A8F100C47570 /* FanFeed */ = {
			isa = PBXGroup;
			children = (
				BD3116A91CB5A87D00C47570 /* FNBChatViewController.h */,
				BD3116AA1CB5A87D00C47570 /* FNBChatViewController.m */,
			);
			name = FanFeed;
>>>>>>> master
			sourceTree = "<group>";
		};
		ED77300B1CB2DD63001C48DB /* Discover Page */ = {
			isa = PBXGroup;
			children = (
				ED7730141CB2DE0A001C48DB /* FNBDiscoverViewController.h */,
				ED7730151CB2DE0A001C48DB /* FNBDiscoverViewController.m */,
				ED7730131CB2DE0A001C48DB /* DiscoverPage.storyboard */,
				ED7730101CB2DE0A001C48DB /* CVCell.h */,
				ED7730111CB2DE0A001C48DB /* CVCell.m */,
				ED77300C1CB2DE0A001C48DB /* APIClient.h */,
				ED77300D1CB2DE0A001C48DB /* APIClient.m */,
				ED45D9FD1CB400BA00B83B97 /* DiscoverCollectionViewCell.xib */,
			);
			name = "Discover Page";
			path = ..;
			sourceTree = "<group>";
		};
/* End PBXGroup section */

/* Begin PBXNativeTarget section */
		BD0A5A7C1CAAFCF300FFF623 /* FanBase */ = {
			isa = PBXNativeTarget;
			buildConfigurationList = BD0A5A941CAAFCF300FFF623 /* Build configuration list for PBXNativeTarget "FanBase" */;
			buildPhases = (
				13DAA4409E1E8C8F3035D184 /* Check Pods Manifest.lock */,
				BD0A5A791CAAFCF300FFF623 /* Sources */,
				BD0A5A7A1CAAFCF300FFF623 /* Frameworks */,
				BD0A5A7B1CAAFCF300FFF623 /* Resources */,
				85DA08EB2088C14F59345E46 /* Embed Pods Frameworks */,
				FB4C55D5A4351B46ACEFCE5B /* Copy Pods Resources */,
			);
			buildRules = (
			);
			dependencies = (
			);
			name = FanBase;
			productName = FanBase;
			productReference = BD0A5A7D1CAAFCF300FFF623 /* FanBase.app */;
			productType = "com.apple.product-type.application";
		};
/* End PBXNativeTarget section */

/* Begin PBXProject section */
		BD0A5A751CAAFCF300FFF623 /* Project object */ = {
			isa = PBXProject;
			attributes = {
				LastUpgradeCheck = 0730;
				ORGANIZATIONNAME = "Angelica Bato";
				TargetAttributes = {
					BD0A5A7C1CAAFCF300FFF623 = {
						CreatedOnToolsVersion = 7.3;
						DevelopmentTeam = 43RAP2A4D4;
						SystemCapabilities = {
							com.apple.Maps.iOS = {
								enabled = 1;
							};
						};
					};
				};
			};
			buildConfigurationList = BD0A5A781CAAFCF300FFF623 /* Build configuration list for PBXProject "FanBase" */;
			compatibilityVersion = "Xcode 3.2";
			developmentRegion = English;
			hasScannedForEncodings = 0;
			knownRegions = (
				en,
				Base,
			);
			mainGroup = BD0A5A741CAAFCF300FFF623;
			productRefGroup = BD0A5A7E1CAAFCF300FFF623 /* Products */;
			projectDirPath = "";
			projectRoot = "";
			targets = (
				BD0A5A7C1CAAFCF300FFF623 /* FanBase */,
			);
		};
/* End PBXProject section */

/* Begin PBXResourcesBuildPhase section */
		BD0A5A7B1CAAFCF300FFF623 /* Resources */ = {
			isa = PBXResourcesBuildPhase;
			buildActionMask = 2147483647;
			files = (
				A14E4E441CB408F90034FBFB /* UserPage.storyboard in Resources */,
				BD3116B41CB5A87D00C47570 /* FNBArtistNews.storyboard in Resources */,
				A14E4E4C1CB6B65B0034FBFB /* Default-568h@2x.png in Resources */,
				BD0A5A901CAAFCF300FFF623 /* LaunchScreen.storyboard in Resources */,
				A14E4E601CB7F3B90034FBFB /* artistMainPage.storyboard in Resources */,
				ED45D9FE1CB400BA00B83B97 /* DiscoverCollectionViewCell.xib in Resources */,
				ED45DB241CB6AB2C00B83B97 /* Discover2.storyboard in Resources */,
				BD0A5A8D1CAAFCF300FFF623 /* Assets.xcassets in Resources */,
				BD0A5A8B1CAAFCF300FFF623 /* Main.storyboard in Resources */,
				A1E7A9401CAC28D500A9B968 /* Firebase.storyboard in Resources */,
				ED77301A1CB2DE0A001C48DB /* DiscoverPage.storyboard in Resources */,
				325FECAE1CB6DC64009F5F27 /* FNBArtistTop10.storyboard in Resources */,
			);
			runOnlyForDeploymentPostprocessing = 0;
		};
/* End PBXResourcesBuildPhase section */

/* Begin PBXShellScriptBuildPhase section */
		13DAA4409E1E8C8F3035D184 /* Check Pods Manifest.lock */ = {
			isa = PBXShellScriptBuildPhase;
			buildActionMask = 2147483647;
			files = (
			);
			inputPaths = (
			);
			name = "Check Pods Manifest.lock";
			outputPaths = (
			);
			runOnlyForDeploymentPostprocessing = 0;
			shellPath = /bin/sh;
			shellScript = "diff \"${PODS_ROOT}/../Podfile.lock\" \"${PODS_ROOT}/Manifest.lock\" > /dev/null\nif [[ $? != 0 ]] ; then\n    cat << EOM\nerror: The sandbox is not in sync with the Podfile.lock. Run 'pod install' or update your CocoaPods installation.\nEOM\n    exit 1\nfi\n";
			showEnvVarsInLog = 0;
		};
		85DA08EB2088C14F59345E46 /* Embed Pods Frameworks */ = {
			isa = PBXShellScriptBuildPhase;
			buildActionMask = 2147483647;
			files = (
			);
			inputPaths = (
			);
			name = "Embed Pods Frameworks";
			outputPaths = (
			);
			runOnlyForDeploymentPostprocessing = 0;
			shellPath = /bin/sh;
			shellScript = "\"${SRCROOT}/Pods/Target Support Files/Pods-FanBase/Pods-FanBase-frameworks.sh\"\n";
			showEnvVarsInLog = 0;
		};
		FB4C55D5A4351B46ACEFCE5B /* Copy Pods Resources */ = {
			isa = PBXShellScriptBuildPhase;
			buildActionMask = 2147483647;
			files = (
			);
			inputPaths = (
			);
			name = "Copy Pods Resources";
			outputPaths = (
			);
			runOnlyForDeploymentPostprocessing = 0;
			shellPath = /bin/sh;
			shellScript = "\"${SRCROOT}/Pods/Target Support Files/Pods-FanBase/Pods-FanBase-resources.sh\"\n";
			showEnvVarsInLog = 0;
		};
/* End PBXShellScriptBuildPhase section */

/* Begin PBXSourcesBuildPhase section */
		BD0A5A791CAAFCF300FFF623 /* Sources */ = {
			isa = PBXSourcesBuildPhase;
			buildActionMask = 2147483647;
			files = (
				BD0A5A881CAAFCF300FFF623 /* ViewController.m in Sources */,
				BD0A5A851CAAFCF300FFF623 /* AppDelegate.m in Sources */,
				BD3116C51CB5A88D00C47570 /* NSURL+QueryString.m in Sources */,
				BD3116B31CB5A87D00C47570 /* EventPostTableViewCell.m in Sources */,
				A1E7A93C1CAC28A900A9B968 /* FNBUserDetailsViewController.m in Sources */,
				BD3116B71CB5A87D00C47570 /* FNBBandsInTownAPIClient.m in Sources */,
				A14E4E471CB4110B0034FBFB /* FNBUserProfilePageTableViewController.m in Sources */,
<<<<<<< HEAD
				ED45DB2C1CB6C9DD00B83B97 /* FNBAPIClient.m in Sources */,
				A1E7A93D1CAC28A900A9B968 /* FNBCreateNewAccountViewController.m in Sources */,
				ED7730171CB2DE0A001C48DB /* Constants.m in Sources */,
				ED77300A1CB2DC2E001C48DB /* Secrets.m in Sources */,
				ED45DB211CB6AB2C00B83B97 /* FNBAppDelegate.m in Sources */,
				A1E7A92F1CAC282F00A9B968 /* FNBFirebaseClient.m in Sources */,
				ED7730181CB2DE0A001C48DB /* CVCell.m in Sources */,
				A14E4E4A1CB584320034FBFB /* FNBAllSubscribedArtistsTableViewController.m in Sources */,
				ED45DB231CB6AB2C00B83B97 /* FNBViewController.m in Sources */,
				A1E7A9431CAC49FE00A9B968 /* FNBArtist.m in Sources */,
				ED45DB221CB6AB2C00B83B97 /* FNBTableViewCell.m in Sources */,
=======
				325FECAC1CB6DC37009F5F27 /* FNBTopTrackDetailViewController.m in Sources */,
				A1E7A93D1CAC28A900A9B968 /* FNBCreateNewAccountViewController.m in Sources */,
				ED7730171CB2DE0A001C48DB /* Constants.m in Sources */,
				A14E4E611CB7F3B90034FBFB /* FNBArtistMainPageTableViewController.m in Sources */,
				ED45D9FC1CB3FF1500B83B97 /* GenreCollectionView.m in Sources */,
				A1E7A92F1CAC282F00A9B968 /* FNBFirebaseClient.m in Sources */,
				ED7730181CB2DE0A001C48DB /* CVCell.m in Sources */,
				A14E4E4A1CB584320034FBFB /* FNBAllSubscribedArtistsTableViewController.m in Sources */,
				BDE18E441CB6AEA900BEDE01 /* FNBEventInfoVC.m in Sources */,
				BD3116C21CB5A88600C47570 /* FNBTwitterPostTableViewCell.m in Sources */,
				A1E7A9431CAC49FE00A9B968 /* FNBArtist.m in Sources */,
				BD3116C11CB5A88600C47570 /* FNBTwitterAPIClient.m in Sources */,
				325FECAA1CB6DC37009F5F27 /* FNBSpotifyAPIclient.m in Sources */,
>>>>>>> master
				ED77301B1CB2DE0A001C48DB /* FNBDiscoverViewController.m in Sources */,
				BD0A5A821CAAFCF300FFF623 /* main.m in Sources */,
				ED45DB2F1CB6DEAD00B83B97 /* FNBCollectionViewCell.m in Sources */,
				A1E7A93B1CAC28A900A9B968 /* FNBLoginViewController.m in Sources */,
				325FECAB1CB6DC37009F5F27 /* FNBSpotifyTopTracks.m in Sources */,
				ED7730161CB2DE0A001C48DB /* APIClient.m in Sources */,
				BD3116B91CB5A87D00C47570 /* FNBEventCollectionViewCell.m in Sources */,
				325FECA91CB6DC37009F5F27 /* FNBArtistTop10TableViewController.m in Sources */,
				A1E7A9321CAC284700A9B968 /* FNBUser.m in Sources */,
				325FECA81CB6DC37009F5F27 /* FNBArtistTop10Cell.m in Sources */,
				BDE18E411CB6A1E900BEDE01 /* FNBArtistEvent.m in Sources */,
				BD3116B61CB5A87D00C47570 /* FNBArtistNewsTableViewController.m in Sources */,
				A14E4E641CB7FD960034FBFB /* FNBViewAllArtistsTableViewCell.m in Sources */,
				A14F2D801CADC6110093D187 /* FNBSpotifySearch.m in Sources */,
<<<<<<< HEAD
=======
				ED45D9F91CB3FEA600B83B97 /* BigViewController.m in Sources */,
				BD3116B51CB5A87D00C47570 /* FNBArtistNewsCollectionViewController.m in Sources */,
				BD3116B81CB5A87D00C47570 /* FNBChatViewController.m in Sources */,
				321DBED31CB6B571009B9E13 /* Secrets.m in Sources */,
>>>>>>> master
			);
			runOnlyForDeploymentPostprocessing = 0;
		};
/* End PBXSourcesBuildPhase section */

/* Begin PBXVariantGroup section */
		BD0A5A891CAAFCF300FFF623 /* Main.storyboard */ = {
			isa = PBXVariantGroup;
			children = (
				BD0A5A8A1CAAFCF300FFF623 /* Base */,
			);
			name = Main.storyboard;
			sourceTree = "<group>";
		};
		BD0A5A8E1CAAFCF300FFF623 /* LaunchScreen.storyboard */ = {
			isa = PBXVariantGroup;
			children = (
				BD0A5A8F1CAAFCF300FFF623 /* Base */,
			);
			name = LaunchScreen.storyboard;
			sourceTree = "<group>";
		};
/* End PBXVariantGroup section */

/* Begin XCBuildConfiguration section */
		BD0A5A921CAAFCF300FFF623 /* Debug */ = {
			isa = XCBuildConfiguration;
			buildSettings = {
				ALWAYS_SEARCH_USER_PATHS = NO;
				CLANG_ANALYZER_NONNULL = YES;
				CLANG_CXX_LANGUAGE_STANDARD = "gnu++0x";
				CLANG_CXX_LIBRARY = "libc++";
				CLANG_ENABLE_MODULES = YES;
				CLANG_ENABLE_OBJC_ARC = YES;
				CLANG_WARN_BOOL_CONVERSION = YES;
				CLANG_WARN_CONSTANT_CONVERSION = YES;
				CLANG_WARN_DIRECT_OBJC_ISA_USAGE = YES_ERROR;
				CLANG_WARN_EMPTY_BODY = YES;
				CLANG_WARN_ENUM_CONVERSION = YES;
				CLANG_WARN_INT_CONVERSION = YES;
				CLANG_WARN_OBJC_ROOT_CLASS = YES_ERROR;
				CLANG_WARN_UNREACHABLE_CODE = YES;
				CLANG_WARN__DUPLICATE_METHOD_MATCH = YES;
				"CODE_SIGN_IDENTITY[sdk=iphoneos*]" = "iPhone Developer";
				COPY_PHASE_STRIP = NO;
				DEBUG_INFORMATION_FORMAT = dwarf;
				ENABLE_STRICT_OBJC_MSGSEND = YES;
				ENABLE_TESTABILITY = YES;
				GCC_C_LANGUAGE_STANDARD = gnu99;
				GCC_DYNAMIC_NO_PIC = NO;
				GCC_NO_COMMON_BLOCKS = YES;
				GCC_OPTIMIZATION_LEVEL = 0;
				GCC_PREPROCESSOR_DEFINITIONS = (
					"DEBUG=1",
					"$(inherited)",
				);
				GCC_WARN_64_TO_32_BIT_CONVERSION = YES;
				GCC_WARN_ABOUT_RETURN_TYPE = YES_ERROR;
				GCC_WARN_UNDECLARED_SELECTOR = YES;
				GCC_WARN_UNINITIALIZED_AUTOS = YES_AGGRESSIVE;
				GCC_WARN_UNUSED_FUNCTION = YES;
				GCC_WARN_UNUSED_VARIABLE = YES;
				IPHONEOS_DEPLOYMENT_TARGET = 9.3;
				MTL_ENABLE_DEBUG_INFO = YES;
				ONLY_ACTIVE_ARCH = YES;
				SDKROOT = iphoneos;
			};
			name = Debug;
		};
		BD0A5A931CAAFCF300FFF623 /* Release */ = {
			isa = XCBuildConfiguration;
			buildSettings = {
				ALWAYS_SEARCH_USER_PATHS = NO;
				CLANG_ANALYZER_NONNULL = YES;
				CLANG_CXX_LANGUAGE_STANDARD = "gnu++0x";
				CLANG_CXX_LIBRARY = "libc++";
				CLANG_ENABLE_MODULES = YES;
				CLANG_ENABLE_OBJC_ARC = YES;
				CLANG_WARN_BOOL_CONVERSION = YES;
				CLANG_WARN_CONSTANT_CONVERSION = YES;
				CLANG_WARN_DIRECT_OBJC_ISA_USAGE = YES_ERROR;
				CLANG_WARN_EMPTY_BODY = YES;
				CLANG_WARN_ENUM_CONVERSION = YES;
				CLANG_WARN_INT_CONVERSION = YES;
				CLANG_WARN_OBJC_ROOT_CLASS = YES_ERROR;
				CLANG_WARN_UNREACHABLE_CODE = YES;
				CLANG_WARN__DUPLICATE_METHOD_MATCH = YES;
				"CODE_SIGN_IDENTITY[sdk=iphoneos*]" = "iPhone Developer";
				COPY_PHASE_STRIP = NO;
				DEBUG_INFORMATION_FORMAT = "dwarf-with-dsym";
				ENABLE_NS_ASSERTIONS = NO;
				ENABLE_STRICT_OBJC_MSGSEND = YES;
				GCC_C_LANGUAGE_STANDARD = gnu99;
				GCC_NO_COMMON_BLOCKS = YES;
				GCC_WARN_64_TO_32_BIT_CONVERSION = YES;
				GCC_WARN_ABOUT_RETURN_TYPE = YES_ERROR;
				GCC_WARN_UNDECLARED_SELECTOR = YES;
				GCC_WARN_UNINITIALIZED_AUTOS = YES_AGGRESSIVE;
				GCC_WARN_UNUSED_FUNCTION = YES;
				GCC_WARN_UNUSED_VARIABLE = YES;
				IPHONEOS_DEPLOYMENT_TARGET = 9.3;
				MTL_ENABLE_DEBUG_INFO = NO;
				SDKROOT = iphoneos;
				VALIDATE_PRODUCT = YES;
			};
			name = Release;
		};
		BD0A5A951CAAFCF300FFF623 /* Debug */ = {
			isa = XCBuildConfiguration;
			baseConfigurationReference = 4D5840F805F31103BAC56E7B /* Pods-FanBase.debug.xcconfig */;
			buildSettings = {
				ASSETCATALOG_COMPILER_APPICON_NAME = AppIcon;
				CODE_SIGN_IDENTITY = "iPhone Developer";
				"CODE_SIGN_IDENTITY[sdk=iphoneos*]" = "iPhone Developer";
				INFOPLIST_FILE = FanBase/Info.plist;
				INFOPLIST_OTHER_PREPROCESSOR_FLAGS = "";
				LD_RUNPATH_SEARCH_PATHS = "$(inherited) @executable_path/Frameworks";
				PRODUCT_BUNDLE_IDENTIFIER = com.flatironschool.FanBase;
				PRODUCT_NAME = "$(TARGET_NAME)";
				PROVISIONING_PROFILE = "";
			};
			name = Debug;
		};
		BD0A5A961CAAFCF300FFF623 /* Release */ = {
			isa = XCBuildConfiguration;
			baseConfigurationReference = C5851181C3ED88D6FA8A8B4F /* Pods-FanBase.release.xcconfig */;
			buildSettings = {
				ASSETCATALOG_COMPILER_APPICON_NAME = AppIcon;
				CODE_SIGN_IDENTITY = "iPhone Developer";
				"CODE_SIGN_IDENTITY[sdk=iphoneos*]" = "iPhone Developer";
				INFOPLIST_FILE = FanBase/Info.plist;
				INFOPLIST_OTHER_PREPROCESSOR_FLAGS = "";
				LD_RUNPATH_SEARCH_PATHS = "$(inherited) @executable_path/Frameworks";
				PRODUCT_BUNDLE_IDENTIFIER = com.flatironschool.FanBase;
				PRODUCT_NAME = "$(TARGET_NAME)";
				PROVISIONING_PROFILE = "";
			};
			name = Release;
		};
/* End XCBuildConfiguration section */

/* Begin XCConfigurationList section */
		BD0A5A781CAAFCF300FFF623 /* Build configuration list for PBXProject "FanBase" */ = {
			isa = XCConfigurationList;
			buildConfigurations = (
				BD0A5A921CAAFCF300FFF623 /* Debug */,
				BD0A5A931CAAFCF300FFF623 /* Release */,
			);
			defaultConfigurationIsVisible = 0;
			defaultConfigurationName = Release;
		};
		BD0A5A941CAAFCF300FFF623 /* Build configuration list for PBXNativeTarget "FanBase" */ = {
			isa = XCConfigurationList;
			buildConfigurations = (
				BD0A5A951CAAFCF300FFF623 /* Debug */,
				BD0A5A961CAAFCF300FFF623 /* Release */,
			);
			defaultConfigurationIsVisible = 0;
			defaultConfigurationName = Release;
		};
/* End XCConfigurationList section */
	};
	rootObject = BD0A5A751CAAFCF300FFF623 /* Project object */;
}
